
Microsoft Visual Studio Solution File, Format Version 12.00
# Visual Studio 14
VisualStudioVersion = 14.0.24720.0
MinimumVisualStudioVersion = 10.0.40219.1
Project("{FAE04EC0-301F-11D3-BF4B-00C04F79EFBC}") = "Store.Dal", "Store.Dal\Store.Dal.csproj", "{BFC27FEC-D617-4324-B49A-47C123FB82CA}"
EndProject
Project("{FAE04EC0-301F-11D3-BF4B-00C04F79EFBC}") = "Store.Bll", "Store.Bll\Store.Bll.csproj", "{E1F3E1C1-7220-4E25-9FC2-A685C8A28BB5}"
EndProject
Project("{FAE04EC0-301F-11D3-BF4B-00C04F79EFBC}") = "Store.Web", "Store.Web\Store.Web.csproj", "{1923025B-D7B0-47D2-A091-70ACF1A79E19}"
EndProject
Project("{FAE04EC0-301F-11D3-BF4B-00C04F79EFBC}") = "Store.Model", "Store.Model\Store.Model.csproj", "{3493323B-AF05-4928-BF34-C195C582ACE5}"
EndProject
Global
	GlobalSection(SolutionConfigurationPlatforms) = preSolution
		Debug|Any CPU = Debug|Any CPU
		Release|Any CPU = Release|Any CPU
	EndGlobalSection
	GlobalSection(ProjectConfigurationPlatforms) = postSolution
		{BFC27FEC-D617-4324-B49A-47C123FB82CA}.Debug|Any CPU.ActiveCfg = Debug|Any CPU
		{BFC27FEC-D617-4324-B49A-47C123FB82CA}.Debug|Any CPU.Build.0 = Debug|Any CPU
		{BFC27FEC-D617-4324-B49A-47C123FB82CA}.Release|Any CPU.ActiveCfg = Release|Any CPU
		{BFC27FEC-D617-4324-B49A-47C123FB82CA}.Release|Any CPU.Build.0 = Release|Any CPU
		{E1F3E1C1-7220-4E25-9FC2-A685C8A28BB5}.Debug|Any CPU.ActiveCfg = Debug|Any CPU
		{E1F3E1C1-7220-4E25-9FC2-A685C8A28BB5}.Debug|Any CPU.Build.0 = Debug|Any CPU
		{E1F3E1C1-7220-4E25-9FC2-A685C8A28BB5}.Release|Any CPU.ActiveCfg = Release|Any CPU
		{E1F3E1C1-7220-4E25-9FC2-A685C8A28BB5}.Release|Any CPU.Build.0 = Release|Any CPU
		{1923025B-D7B0-47D2-A091-70ACF1A79E19}.Debug|Any CPU.ActiveCfg = Debug|Any CPU
		{1923025B-D7B0-47D2-A091-70ACF1A79E19}.Debug|Any CPU.Build.0 = Debug|Any CPU
		{1923025B-D7B0-47D2-A091-70ACF1A79E19}.Release|Any CPU.ActiveCfg = Release|Any CPU
		{1923025B-D7B0-47D2-A091-70ACF1A79E19}.Release|Any CPU.Build.0 = Release|Any CPU
		{3493323B-AF05-4928-BF34-C195C582ACE5}.Debug|Any CPU.ActiveCfg = Debug|Any CPU
		{3493323B-AF05-4928-BF34-C195C582ACE5}.Debug|Any CPU.Build.0 = Debug|Any CPU
		{3493323B-AF05-4928-BF34-C195C582ACE5}.Release|Any CPU.ActiveCfg = Release|Any CPU
		{3493323B-AF05-4928-BF34-C195C582ACE5}.Release|Any CPU.Build.0 = Release|Any CPU
	EndGlobalSection
	GlobalSection(SolutionProperties) = preSolution
		HideSolutionNode = FALSE
	EndGlobalSection
EndGlobal
